
Microsoft Visual Studio Solution File, Format Version 12.00
# Visual Studio Version 16
VisualStudioVersion = 16.0.29123.88
MinimumVisualStudioVersion = 10.0.40219.1
Project("{FAE04EC0-301F-11D3-BF4B-00C04F79EFBC}") = "EFCF", "EFCF\EFCF.csproj", "{870C00BC-507D-4C33-ABF0-C9B0D09D99B2}"
EndProject
Global
	GlobalSection(SolutionConfigurationPlatforms) = preSolution
		Debug|Any CPU = Debug|Any CPU
		Release|Any CPU = Release|Any CPU
	EndGlobalSection
	GlobalSection(ProjectConfigurationPlatforms) = postSolution
		{870C00BC-507D-4C33-ABF0-C9B0D09D99B2}.Debug|Any CPU.ActiveCfg = Debug|Any CPU
		{870C00BC-507D-4C33-ABF0-C9B0D09D99B2}.Debug|Any CPU.Build.0 = Debug|Any CPU
		{870C00BC-507D-4C33-ABF0-C9B0D09D99B2}.Release|Any CPU.ActiveCfg = Release|Any CPU
		{870C00BC-507D-4C33-ABF0-C9B0D09D99B2}.Release|Any CPU.Build.0 = Release|Any CPU
	EndGlobalSection
	GlobalSection(SolutionProperties) = preSolution
		HideSolutionNode = FALSE
	EndGlobalSection
	GlobalSection(ExtensibilityGlobals) = postSolution
		SolutionGuid = {90458673-3C34-4045-AE14-ACB9CB76C0B9}
	EndGlobalSection
EndGlobal
